
Microsoft Visual Studio Solution File, Format Version 12.00
# Visual Studio Version 16
VisualStudioVersion = 16.0.30804.86
MinimumVisualStudioVersion = 15.0.26124.0
Project("{9A19103F-16F7-4668-BE54-9A1E7A4F7556}") = "Calculator", "Calculator\Calculator.csproj", "{EDF974CD-CB82-42CB-BA1E-40597593D102}"
EndProject
Project("{9A19103F-16F7-4668-BE54-9A1E7A4F7556}") = "Calculator.Tests", "Calculator.Tests\Calculator.Tests.csproj", "{D9AFDE22-755E-4CBF-AE93-CB69FD8CC1C9}"
EndProject
Global
	GlobalSection(SolutionConfigurationPlatforms) = preSolution
		Debug|Any CPU = Debug|Any CPU
		Debug|x64 = Debug|x64
		Debug|x86 = Debug|x86
		Release|Any CPU = Release|Any CPU
		Release|x64 = Release|x64
		Release|x86 = Release|x86
	EndGlobalSection
	GlobalSection(ProjectConfigurationPlatforms) = postSolution
		{EDF974CD-CB82-42CB-BA1E-40597593D102}.Debug|Any CPU.ActiveCfg = Debug|Any CPU
		{EDF974CD-CB82-42CB-BA1E-40597593D102}.Debug|Any CPU.Build.0 = Debug|Any CPU
		{EDF974CD-CB82-42CB-BA1E-40597593D102}.Debug|x64.ActiveCfg = Debug|Any CPU
		{EDF974CD-CB82-42CB-BA1E-40597593D102}.Debug|x64.Build.0 = Debug|Any CPU
		{EDF974CD-CB82-42CB-BA1E-40597593D102}.Debug|x86.ActiveCfg = Debug|Any CPU
		{EDF974CD-CB82-42CB-BA1E-40597593D102}.Debug|x86.Build.0 = Debug|Any CPU
		{EDF974CD-CB82-42CB-BA1E-40597593D102}.Release|Any CPU.ActiveCfg = Release|Any CPU
		{EDF974CD-CB82-42CB-BA1E-40597593D102}.Release|Any CPU.Build.0 = Release|Any CPU
		{EDF974CD-CB82-42CB-BA1E-40597593D102}.Release|x64.ActiveCfg = Release|Any CPU
		{EDF974CD-CB82-42CB-BA1E-40597593D102}.Release|x64.Build.0 = Release|Any CPU
		{EDF974CD-CB82-42CB-BA1E-40597593D102}.Release|x86.ActiveCfg = Release|Any CPU
		{EDF974CD-CB82-42CB-BA1E-40597593D102}.Release|x86.Build.0 = Release|Any CPU
		{D9AFDE22-755E-4CBF-AE93-CB69FD8CC1C9}.Debug|Any CPU.ActiveCfg = Debug|Any CPU
		{D9AFDE22-755E-4CBF-AE93-CB69FD8CC1C9}.Debug|Any CPU.Build.0 = Debug|Any CPU
		{D9AFDE22-755E-4CBF-AE93-CB69FD8CC1C9}.Debug|x64.ActiveCfg = Debug|Any CPU
		{D9AFDE22-755E-4CBF-AE93-CB69FD8CC1C9}.Debug|x64.Build.0 = Debug|Any CPU
		{D9AFDE22-755E-4CBF-AE93-CB69FD8CC1C9}.Debug|x86.ActiveCfg = Debug|Any CPU
		{D9AFDE22-755E-4CBF-AE93-CB69FD8CC1C9}.Debug|x86.Build.0 = Debug|Any CPU
		{D9AFDE22-755E-4CBF-AE93-CB69FD8CC1C9}.Release|Any CPU.ActiveCfg = Release|Any CPU
		{D9AFDE22-755E-4CBF-AE93-CB69FD8CC1C9}.Release|Any CPU.Build.0 = Release|Any CPU
		{D9AFDE22-755E-4CBF-AE93-CB69FD8CC1C9}.Release|x64.ActiveCfg = Release|Any CPU
		{D9AFDE22-755E-4CBF-AE93-CB69FD8CC1C9}.Release|x64.Build.0 = Release|Any CPU
		{D9AFDE22-755E-4CBF-AE93-CB69FD8CC1C9}.Release|x86.ActiveCfg = Release|Any CPU
		{D9AFDE22-755E-4CBF-AE93-CB69FD8CC1C9}.Release|x86.Build.0 = Release|Any CPU
	EndGlobalSection
	GlobalSection(SolutionProperties) = preSolution
		HideSolutionNode = FALSE
	EndGlobalSection
	GlobalSection(ExtensibilityGlobals) = postSolution
		SolutionGuid = {AD91D7F2-4C33-4047-AD87-5896E0ECAE4E}
	EndGlobalSection
EndGlobal
